
Microsoft Visual Studio Solution File, Format Version 12.00
# Visual Studio 15
VisualStudioVersion = 15.0.28010.2016
MinimumVisualStudioVersion = 10.0.40219.1
Project("{FAE04EC0-301F-11D3-BF4B-00C04F79EFBC}") = "TrePåRad", "TrePåRad\TrePåRad.csproj", "{4C3C4497-9837-4330-A6F0-4DD8EE0DED30}"
EndProject
Global
	GlobalSection(SolutionConfigurationPlatforms) = preSolution
		Debug|Any CPU = Debug|Any CPU
		Release|Any CPU = Release|Any CPU
	EndGlobalSection
	GlobalSection(ProjectConfigurationPlatforms) = postSolution
		{4C3C4497-9837-4330-A6F0-4DD8EE0DED30}.Debug|Any CPU.ActiveCfg = Debug|Any CPU
		{4C3C4497-9837-4330-A6F0-4DD8EE0DED30}.Debug|Any CPU.Build.0 = Debug|Any CPU
		{4C3C4497-9837-4330-A6F0-4DD8EE0DED30}.Release|Any CPU.ActiveCfg = Release|Any CPU
		{4C3C4497-9837-4330-A6F0-4DD8EE0DED30}.Release|Any CPU.Build.0 = Release|Any CPU
	EndGlobalSection
	GlobalSection(SolutionProperties) = preSolution
		HideSolutionNode = FALSE
	EndGlobalSection
	GlobalSection(ExtensibilityGlobals) = postSolution
		SolutionGuid = {07A567AF-3F44-4A58-91A5-D7271472BA3E}
	EndGlobalSection
EndGlobal
